
Microsoft Visual Studio Solution File, Format Version 12.00
# Visual Studio Version 16
VisualStudioVersion = 16.0.29911.84
MinimumVisualStudioVersion = 10.0.40219.1
Project("{FAE04EC0-301F-11D3-BF4B-00C04F79EFBC}") = "University Hospital Management System", "University Hospital Management System\University Hospital Management System.csproj", "{ED295F30-B106-4D68-9835-CB8AA1C1A0B0}"
EndProject
Global
	GlobalSection(SolutionConfigurationPlatforms) = preSolution
		Debug|Any CPU = Debug|Any CPU
		Release|Any CPU = Release|Any CPU
	EndGlobalSection
	GlobalSection(ProjectConfigurationPlatforms) = postSolution
		{ED295F30-B106-4D68-9835-CB8AA1C1A0B0}.Debug|Any CPU.ActiveCfg = Debug|Any CPU
		{ED295F30-B106-4D68-9835-CB8AA1C1A0B0}.Debug|Any CPU.Build.0 = Debug|Any CPU
		{ED295F30-B106-4D68-9835-CB8AA1C1A0B0}.Release|Any CPU.ActiveCfg = Release|Any CPU
		{ED295F30-B106-4D68-9835-CB8AA1C1A0B0}.Release|Any CPU.Build.0 = Release|Any CPU
	EndGlobalSection
	GlobalSection(SolutionProperties) = preSolution
		HideSolutionNode = FALSE
	EndGlobalSection
	GlobalSection(ExtensibilityGlobals) = postSolution
		SolutionGuid = {121B3872-AD2A-4F20-A899-ADFCC3DA362E}
	EndGlobalSection
EndGlobal
